
Microsoft Visual Studio Solution File, Format Version 12.00
# Visual Studio 15
VisualStudioVersion = 15.0.26228.4
MinimumVisualStudioVersion = 10.0.40219.1
Project("{FAE04EC0-301F-11D3-BF4B-00C04F79EFBC}") = "GalileoAgentNet", "src\GalileoAgentNet\GalileoAgentNet.csproj", "{BAA931E9-FD48-43C6-999F-236E012C9B5E}"
EndProject
Project("{2150E333-8FDC-42A3-9474-1A3956D46DE8}") = "src", "src", "{1ADEC40A-2F8C-4746-B10E-1B8017AD0E2C}"
EndProject
Project("{FAE04EC0-301F-11D3-BF4B-00C04F79EFBC}") = "GalileoAgentNet.AspNetCore", "src\GalileoAgentNet.AspNetCore\GalileoAgentNet.AspNetCore.csproj", "{50EAC942-109E-4732-98E8-995C859DE278}"
EndProject
Project("{2150E333-8FDC-42A3-9474-1A3956D46DE8}") = "samples", "samples", "{A5CFA98A-7EAA-4C85-81E0-FE2493C1BF6D}"
EndProject
Project("{FAE04EC0-301F-11D3-BF4B-00C04F79EFBC}") = "Sample.AspNetCore.WebApi", "samples\Sample.AspNetCore.WebApi\Sample.AspNetCore.WebApi.csproj", "{57D9744C-1D65-494D-B008-48EA6F811167}"
EndProject
Project("{2150E333-8FDC-42A3-9474-1A3956D46DE8}") = "tests", "tests", "{C24B9A40-901E-493D-B7F9-B0E86A8B92AF}"
EndProject
Project("{2150E333-8FDC-42A3-9474-1A3956D46DE8}") = "Solution Items", "Solution Items", "{A33FBE42-3731-49EE-91E7-C59FE1459F43}"
	ProjectSection(SolutionItems) = preProject
		.gitignore = .gitignore
		appveyor.yml = appveyor.yml
		LICENSE = LICENSE
		README.md = README.md
	EndProjectSection
EndProject
Project("{FAE04EC0-301F-11D3-BF4B-00C04F79EFBC}") = "Sample.AspNetCore.Mvc", "samples\Sample.AspNetCore.Mvc\Sample.AspNetCore.Mvc.csproj", "{9C579762-7176-490D-9978-224EDDB20DC4}"
EndProject
Project("{FAE04EC0-301F-11D3-BF4B-00C04F79EFBC}") = "GalileoAgentNet.WebApi", "src\GalileoAgentNet.WebApi\GalileoAgentNet.WebApi.csproj", "{1584C588-375D-4367-A743-FC5704B608A8}"
EndProject
Project("{FAE04EC0-301F-11D3-BF4B-00C04F79EFBC}") = "Sample.WebApi", "samples\Sample.WebApi\Sample.WebApi.csproj", "{700F9F87-1B2C-4545-BA99-D81BB126959D}"
EndProject
Project("{9A19103F-16F7-4668-BE54-9A1E7A4F7556}") = "GalileoAgentNet.UnitTests", "tests\GalileoAgentNet.UnitTests\GalileoAgentNet.UnitTests.csproj", "{ED81261F-354E-4834-8AA5-CF99BF4E0D4F}"
EndProject
Project("{9A19103F-16F7-4668-BE54-9A1E7A4F7556}") = "GalileoAgentNet.AspNetCore.UnitTests", "tests\GalileoAgentNet.AspNetCore.UnitTests\GalileoAgentNet.AspNetCore.UnitTests.csproj", "{5B90A8F9-DC22-4352-B480-D52CC7D7039F}"
EndProject
Project("{9A19103F-16F7-4668-BE54-9A1E7A4F7556}") = "GalileoAgentNet.WebApi.UnitTests", "tests\GalileoAgentNet.WebApi.UnitTests\GalileoAgentNet.WebApi.UnitTests.csproj", "{EF0BF0C1-CD86-43F8-9B5A-BBC3A3F66E6A}"
EndProject
Global
	GlobalSection(SolutionConfigurationPlatforms) = preSolution
		Debug|Any CPU = Debug|Any CPU
		Debug|x64 = Debug|x64
		Debug|x86 = Debug|x86
		Release|Any CPU = Release|Any CPU
		Release|x64 = Release|x64
		Release|x86 = Release|x86
	EndGlobalSection
	GlobalSection(ProjectConfigurationPlatforms) = postSolution
		{BAA931E9-FD48-43C6-999F-236E012C9B5E}.Debug|Any CPU.ActiveCfg = Debug|Any CPU
		{BAA931E9-FD48-43C6-999F-236E012C9B5E}.Debug|Any CPU.Build.0 = Debug|Any CPU
		{BAA931E9-FD48-43C6-999F-236E012C9B5E}.Debug|x64.ActiveCfg = Debug|Any CPU
		{BAA931E9-FD48-43C6-999F-236E012C9B5E}.Debug|x64.Build.0 = Debug|Any CPU
		{BAA931E9-FD48-43C6-999F-236E012C9B5E}.Debug|x86.ActiveCfg = Debug|Any CPU
		{BAA931E9-FD48-43C6-999F-236E012C9B5E}.Debug|x86.Build.0 = Debug|Any CPU
		{BAA931E9-FD48-43C6-999F-236E012C9B5E}.Release|Any CPU.ActiveCfg = Release|Any CPU
		{BAA931E9-FD48-43C6-999F-236E012C9B5E}.Release|Any CPU.Build.0 = Release|Any CPU
		{BAA931E9-FD48-43C6-999F-236E012C9B5E}.Release|x64.ActiveCfg = Release|Any CPU
		{BAA931E9-FD48-43C6-999F-236E012C9B5E}.Release|x64.Build.0 = Release|Any CPU
		{BAA931E9-FD48-43C6-999F-236E012C9B5E}.Release|x86.ActiveCfg = Release|Any CPU
		{BAA931E9-FD48-43C6-999F-236E012C9B5E}.Release|x86.Build.0 = Release|Any CPU
		{50EAC942-109E-4732-98E8-995C859DE278}.Debug|Any CPU.ActiveCfg = Debug|Any CPU
		{50EAC942-109E-4732-98E8-995C859DE278}.Debug|Any CPU.Build.0 = Debug|Any CPU
		{50EAC942-109E-4732-98E8-995C859DE278}.Debug|x64.ActiveCfg = Debug|Any CPU
		{50EAC942-109E-4732-98E8-995C859DE278}.Debug|x64.Build.0 = Debug|Any CPU
		{50EAC942-109E-4732-98E8-995C859DE278}.Debug|x86.ActiveCfg = Debug|Any CPU
		{50EAC942-109E-4732-98E8-995C859DE278}.Debug|x86.Build.0 = Debug|Any CPU
		{50EAC942-109E-4732-98E8-995C859DE278}.Release|Any CPU.ActiveCfg = Release|Any CPU
		{50EAC942-109E-4732-98E8-995C859DE278}.Release|Any CPU.Build.0 = Release|Any CPU
		{50EAC942-109E-4732-98E8-995C859DE278}.Release|x64.ActiveCfg = Release|Any CPU
		{50EAC942-109E-4732-98E8-995C859DE278}.Release|x64.Build.0 = Release|Any CPU
		{50EAC942-109E-4732-98E8-995C859DE278}.Release|x86.ActiveCfg = Release|Any CPU
		{50EAC942-109E-4732-98E8-995C859DE278}.Release|x86.Build.0 = Release|Any CPU
		{57D9744C-1D65-494D-B008-48EA6F811167}.Debug|Any CPU.ActiveCfg = Debug|Any CPU
		{57D9744C-1D65-494D-B008-48EA6F811167}.Debug|Any CPU.Build.0 = Debug|Any CPU
		{57D9744C-1D65-494D-B008-48EA6F811167}.Debug|x64.ActiveCfg = Debug|Any CPU
		{57D9744C-1D65-494D-B008-48EA6F811167}.Debug|x64.Build.0 = Debug|Any CPU
		{57D9744C-1D65-494D-B008-48EA6F811167}.Debug|x86.ActiveCfg = Debug|Any CPU
		{57D9744C-1D65-494D-B008-48EA6F811167}.Debug|x86.Build.0 = Debug|Any CPU
		{57D9744C-1D65-494D-B008-48EA6F811167}.Release|Any CPU.ActiveCfg = Release|Any CPU
		{57D9744C-1D65-494D-B008-48EA6F811167}.Release|Any CPU.Build.0 = Release|Any CPU
		{57D9744C-1D65-494D-B008-48EA6F811167}.Release|x64.ActiveCfg = Release|Any CPU
		{57D9744C-1D65-494D-B008-48EA6F811167}.Release|x64.Build.0 = Release|Any CPU
		{57D9744C-1D65-494D-B008-48EA6F811167}.Release|x86.ActiveCfg = Release|Any CPU
		{57D9744C-1D65-494D-B008-48EA6F811167}.Release|x86.Build.0 = Release|Any CPU
		{9C579762-7176-490D-9978-224EDDB20DC4}.Debug|Any CPU.ActiveCfg = Debug|Any CPU
		{9C579762-7176-490D-9978-224EDDB20DC4}.Debug|Any CPU.Build.0 = Debug|Any CPU
		{9C579762-7176-490D-9978-224EDDB20DC4}.Debug|x64.ActiveCfg = Debug|Any CPU
		{9C579762-7176-490D-9978-224EDDB20DC4}.Debug|x64.Build.0 = Debug|Any CPU
		{9C579762-7176-490D-9978-224EDDB20DC4}.Debug|x86.ActiveCfg = Debug|Any CPU
		{9C579762-7176-490D-9978-224EDDB20DC4}.Debug|x86.Build.0 = Debug|Any CPU
		{9C579762-7176-490D-9978-224EDDB20DC4}.Release|Any CPU.ActiveCfg = Release|Any CPU
		{9C579762-7176-490D-9978-224EDDB20DC4}.Release|Any CPU.Build.0 = Release|Any CPU
		{9C579762-7176-490D-9978-224EDDB20DC4}.Release|x64.ActiveCfg = Release|Any CPU
		{9C579762-7176-490D-9978-224EDDB20DC4}.Release|x64.Build.0 = Release|Any CPU
		{9C579762-7176-490D-9978-224EDDB20DC4}.Release|x86.ActiveCfg = Release|Any CPU
		{9C579762-7176-490D-9978-224EDDB20DC4}.Release|x86.Build.0 = Release|Any CPU
		{1584C588-375D-4367-A743-FC5704B608A8}.Debug|Any CPU.ActiveCfg = Debug|Any CPU
		{1584C588-375D-4367-A743-FC5704B608A8}.Debug|Any CPU.Build.0 = Debug|Any CPU
		{1584C588-375D-4367-A743-FC5704B608A8}.Debug|x64.ActiveCfg = Debug|Any CPU
		{1584C588-375D-4367-A743-FC5704B608A8}.Debug|x64.Build.0 = Debug|Any CPU
		{1584C588-375D-4367-A743-FC5704B608A8}.Debug|x86.ActiveCfg = Debug|Any CPU
		{1584C588-375D-4367-A743-FC5704B608A8}.Debug|x86.Build.0 = Debug|Any CPU
		{1584C588-375D-4367-A743-FC5704B608A8}.Release|Any CPU.ActiveCfg = Release|Any CPU
		{1584C588-375D-4367-A743-FC5704B608A8}.Release|Any CPU.Build.0 = Release|Any CPU
		{1584C588-375D-4367-A743-FC5704B608A8}.Release|x64.ActiveCfg = Release|Any CPU
		{1584C588-375D-4367-A743-FC5704B608A8}.Release|x64.Build.0 = Release|Any CPU
		{1584C588-375D-4367-A743-FC5704B608A8}.Release|x86.ActiveCfg = Release|Any CPU
		{1584C588-375D-4367-A743-FC5704B608A8}.Release|x86.Build.0 = Release|Any CPU
		{700F9F87-1B2C-4545-BA99-D81BB126959D}.Debug|Any CPU.ActiveCfg = Debug|Any CPU
		{700F9F87-1B2C-4545-BA99-D81BB126959D}.Debug|Any CPU.Build.0 = Debug|Any CPU
		{700F9F87-1B2C-4545-BA99-D81BB126959D}.Debug|x64.ActiveCfg = Debug|Any CPU
		{700F9F87-1B2C-4545-BA99-D81BB126959D}.Debug|x64.Build.0 = Debug|Any CPU
		{700F9F87-1B2C-4545-BA99-D81BB126959D}.Debug|x86.ActiveCfg = Debug|Any CPU
		{700F9F87-1B2C-4545-BA99-D81BB126959D}.Debug|x86.Build.0 = Debug|Any CPU
		{700F9F87-1B2C-4545-BA99-D81BB126959D}.Release|Any CPU.ActiveCfg = Release|Any CPU
		{700F9F87-1B2C-4545-BA99-D81BB126959D}.Release|Any CPU.Build.0 = Release|Any CPU
		{700F9F87-1B2C-4545-BA99-D81BB126959D}.Release|x64.ActiveCfg = Release|Any CPU
		{700F9F87-1B2C-4545-BA99-D81BB126959D}.Release|x64.Build.0 = Release|Any CPU
		{700F9F87-1B2C-4545-BA99-D81BB126959D}.Release|x86.ActiveCfg = Release|Any CPU
		{700F9F87-1B2C-4545-BA99-D81BB126959D}.Release|x86.Build.0 = Release|Any CPU
		{ED81261F-354E-4834-8AA5-CF99BF4E0D4F}.Debug|Any CPU.ActiveCfg = Debug|Any CPU
		{ED81261F-354E-4834-8AA5-CF99BF4E0D4F}.Debug|Any CPU.Build.0 = Debug|Any CPU
		{ED81261F-354E-4834-8AA5-CF99BF4E0D4F}.Debug|x64.ActiveCfg = Debug|Any CPU
		{ED81261F-354E-4834-8AA5-CF99BF4E0D4F}.Debug|x64.Build.0 = Debug|Any CPU
		{ED81261F-354E-4834-8AA5-CF99BF4E0D4F}.Debug|x86.ActiveCfg = Debug|Any CPU
		{ED81261F-354E-4834-8AA5-CF99BF4E0D4F}.Debug|x86.Build.0 = Debug|Any CPU
		{ED81261F-354E-4834-8AA5-CF99BF4E0D4F}.Release|Any CPU.ActiveCfg = Release|Any CPU
		{ED81261F-354E-4834-8AA5-CF99BF4E0D4F}.Release|Any CPU.Build.0 = Release|Any CPU
		{ED81261F-354E-4834-8AA5-CF99BF4E0D4F}.Release|x64.ActiveCfg = Release|Any CPU
		{ED81261F-354E-4834-8AA5-CF99BF4E0D4F}.Release|x64.Build.0 = Release|Any CPU
		{ED81261F-354E-4834-8AA5-CF99BF4E0D4F}.Release|x86.ActiveCfg = Release|Any CPU
		{ED81261F-354E-4834-8AA5-CF99BF4E0D4F}.Release|x86.Build.0 = Release|Any CPU
		{5B90A8F9-DC22-4352-B480-D52CC7D7039F}.Debug|Any CPU.ActiveCfg = Debug|Any CPU
		{5B90A8F9-DC22-4352-B480-D52CC7D7039F}.Debug|Any CPU.Build.0 = Debug|Any CPU
		{5B90A8F9-DC22-4352-B480-D52CC7D7039F}.Debug|x64.ActiveCfg = Debug|Any CPU
		{5B90A8F9-DC22-4352-B480-D52CC7D7039F}.Debug|x64.Build.0 = Debug|Any CPU
		{5B90A8F9-DC22-4352-B480-D52CC7D7039F}.Debug|x86.ActiveCfg = Debug|Any CPU
		{5B90A8F9-DC22-4352-B480-D52CC7D7039F}.Debug|x86.Build.0 = Debug|Any CPU
		{5B90A8F9-DC22-4352-B480-D52CC7D7039F}.Release|Any CPU.ActiveCfg = Release|Any CPU
		{5B90A8F9-DC22-4352-B480-D52CC7D7039F}.Release|Any CPU.Build.0 = Release|Any CPU
		{5B90A8F9-DC22-4352-B480-D52CC7D7039F}.Release|x64.ActiveCfg = Release|Any CPU
		{5B90A8F9-DC22-4352-B480-D52CC7D7039F}.Release|x64.Build.0 = Release|Any CPU
		{5B90A8F9-DC22-4352-B480-D52CC7D7039F}.Release|x86.ActiveCfg = Release|Any CPU
		{5B90A8F9-DC22-4352-B480-D52CC7D7039F}.Release|x86.Build.0 = Release|Any CPU
		{EF0BF0C1-CD86-43F8-9B5A-BBC3A3F66E6A}.Debug|Any CPU.ActiveCfg = Debug|Any CPU
		{EF0BF0C1-CD86-43F8-9B5A-BBC3A3F66E6A}.Debug|Any CPU.Build.0 = Debug|Any CPU
		{EF0BF0C1-CD86-43F8-9B5A-BBC3A3F66E6A}.Debug|x64.ActiveCfg = Debug|Any CPU
		{EF0BF0C1-CD86-43F8-9B5A-BBC3A3F66E6A}.Debug|x64.Build.0 = Debug|Any CPU
		{EF0BF0C1-CD86-43F8-9B5A-BBC3A3F66E6A}.Debug|x86.ActiveCfg = Debug|Any CPU
		{EF0BF0C1-CD86-43F8-9B5A-BBC3A3F66E6A}.Debug|x86.Build.0 = Debug|Any CPU
		{EF0BF0C1-CD86-43F8-9B5A-BBC3A3F66E6A}.Release|Any CPU.ActiveCfg = Release|Any CPU
		{EF0BF0C1-CD86-43F8-9B5A-BBC3A3F66E6A}.Release|Any CPU.Build.0 = Release|Any CPU
		{EF0BF0C1-CD86-43F8-9B5A-BBC3A3F66E6A}.Release|x64.ActiveCfg = Release|Any CPU
		{EF0BF0C1-CD86-43F8-9B5A-BBC3A3F66E6A}.Release|x64.Build.0 = Release|Any CPU
		{EF0BF0C1-CD86-43F8-9B5A-BBC3A3F66E6A}.Release|x86.ActiveCfg = Release|Any CPU
		{EF0BF0C1-CD86-43F8-9B5A-BBC3A3F66E6A}.Release|x86.Build.0 = Release|Any CPU
	EndGlobalSection
	GlobalSection(SolutionProperties) = preSolution
		HideSolutionNode = FALSE
	EndGlobalSection
	GlobalSection(NestedProjects) = preSolution
		{BAA931E9-FD48-43C6-999F-236E012C9B5E} = {1ADEC40A-2F8C-4746-B10E-1B8017AD0E2C}
		{50EAC942-109E-4732-98E8-995C859DE278} = {1ADEC40A-2F8C-4746-B10E-1B8017AD0E2C}
		{57D9744C-1D65-494D-B008-48EA6F811167} = {A5CFA98A-7EAA-4C85-81E0-FE2493C1BF6D}
		{9C579762-7176-490D-9978-224EDDB20DC4} = {A5CFA98A-7EAA-4C85-81E0-FE2493C1BF6D}
		{1584C588-375D-4367-A743-FC5704B608A8} = {1ADEC40A-2F8C-4746-B10E-1B8017AD0E2C}
		{700F9F87-1B2C-4545-BA99-D81BB126959D} = {A5CFA98A-7EAA-4C85-81E0-FE2493C1BF6D}
		{ED81261F-354E-4834-8AA5-CF99BF4E0D4F} = {C24B9A40-901E-493D-B7F9-B0E86A8B92AF}
		{5B90A8F9-DC22-4352-B480-D52CC7D7039F} = {C24B9A40-901E-493D-B7F9-B0E86A8B92AF}
		{EF0BF0C1-CD86-43F8-9B5A-BBC3A3F66E6A} = {C24B9A40-901E-493D-B7F9-B0E86A8B92AF}
	EndGlobalSection
EndGlobal
